{
  "name": "photos",
  "lockfileVersion": 3,
  "requires": true,
  "packages": {
    "": {
      "dependencies": {
        "exifreader": "^4.23.2"
      }
    },
    "node_modules/@xmldom/xmldom": {
      "version": "0.8.10",
      "resolved": "https://registry.npmjs.org/@xmldom/xmldom/-/xmldom-0.8.10.tgz",
      "integrity": "sha512-2WALfTl4xo2SkGCYRt6rDTFfk9R1czmBvUQy12gK2KuRKIpWEhcbbzy8EZXtz/jkRqHX8bFEc6FC1HjX4TUWYw==",
      "optional": true,
      "engines": {
        "node": ">=10.0.0"
      }
    },
    "node_modules/exifreader": {
      "version": "4.23.2",
      "resolved": "https://registry.npmjs.org/exifreader/-/exifreader-4.23.2.tgz",
      "integrity": "sha512-rSZIEZUYYPz4j1HMIt3rVfjdaGf34Il3NnDx48eLtqOGpBsA30g1LIRw5kOH8sIm5jT5+1o7izZo98sXWkh3Rg==",
      "hasInstallScript": true,
      "optionalDependencies": {
        "@xmldom/xmldom": "^0.8.10"
      }
    }
  }
}
